
Microsoft Visual Studio Solution File, Format Version 12.00
# Visual Studio Version 17
VisualStudioVersion = 17.10.35122.118
MinimumVisualStudioVersion = 10.0.40219.1
Project("{FAE04EC0-301F-11D3-BF4B-00C04F79EFBC}") = "Uso de switch y llamadas a metodos, saltos de linea", "Uso de switch y llamadas a metodos, saltos de linea\Uso de switch y llamadas a metodos, saltos de linea.csproj", "{DD7CB747-5C49-4F3F-9AE0-9900A0367472}"
EndProject
Global
	GlobalSection(SolutionConfigurationPlatforms) = preSolution
		Debug|Any CPU = Debug|Any CPU
		Release|Any CPU = Release|Any CPU
	EndGlobalSection
	GlobalSection(ProjectConfigurationPlatforms) = postSolution
		{DD7CB747-5C49-4F3F-9AE0-9900A0367472}.Debug|Any CPU.ActiveCfg = Debug|Any CPU
		{DD7CB747-5C49-4F3F-9AE0-9900A0367472}.Debug|Any CPU.Build.0 = Debug|Any CPU
		{DD7CB747-5C49-4F3F-9AE0-9900A0367472}.Release|Any CPU.ActiveCfg = Release|Any CPU
		{DD7CB747-5C49-4F3F-9AE0-9900A0367472}.Release|Any CPU.Build.0 = Release|Any CPU
	EndGlobalSection
	GlobalSection(SolutionProperties) = preSolution
		HideSolutionNode = FALSE
	EndGlobalSection
	GlobalSection(ExtensibilityGlobals) = postSolution
		SolutionGuid = {34221BF1-C508-4D70-A805-7D43307142F8}
	EndGlobalSection
EndGlobal
